
Microsoft Visual Studio Solution File, Format Version 12.00
# Visual Studio Version 17
VisualStudioVersion = 17.13.35931.197 d17.13
MinimumVisualStudioVersion = 10.0.40219.1
Project("{FAE04EC0-301F-11D3-BF4B-00C04F79EFBC}") = "ExpansionTrader-Editor", "ExpansionTrader-Editor.csproj", "{2682679E-7823-4AF2-A9EE-5AF8AB7CA5F9}"
EndProject
Global
	GlobalSection(SolutionConfigurationPlatforms) = preSolution
		Debug|Any CPU = Debug|Any CPU
		Release|Any CPU = Release|Any CPU
	EndGlobalSection
	GlobalSection(ProjectConfigurationPlatforms) = postSolution
		{2682679E-7823-4AF2-A9EE-5AF8AB7CA5F9}.Debug|Any CPU.ActiveCfg = Debug|Any CPU
		{2682679E-7823-4AF2-A9EE-5AF8AB7CA5F9}.Debug|Any CPU.Build.0 = Debug|Any CPU
		{2682679E-7823-4AF2-A9EE-5AF8AB7CA5F9}.Release|Any CPU.ActiveCfg = Release|Any CPU
		{2682679E-7823-4AF2-A9EE-5AF8AB7CA5F9}.Release|Any CPU.Build.0 = Release|Any CPU
	EndGlobalSection
	GlobalSection(SolutionProperties) = preSolution
		HideSolutionNode = FALSE
	EndGlobalSection
	GlobalSection(ExtensibilityGlobals) = postSolution
		SolutionGuid = {F34B38B3-5304-46DD-B63A-775974819D4E}
	EndGlobalSection
EndGlobal
